
Microsoft Visual Studio Solution File, Format Version 12.00
# Visual Studio Version 16
VisualStudioVersion = 16.0.33328.57
MinimumVisualStudioVersion = 10.0.40219.1
Project("{FAE04EC0-301F-11D3-BF4B-00C04F79EFBC}") = "Assiment", "Assiment\Assiment.csproj", "{8EB479B6-23F8-40DF-94D7-75B0345DDF6E}"
EndProject
Global
	GlobalSection(SolutionConfigurationPlatforms) = preSolution
		Debug|Any CPU = Debug|Any CPU
		Release|Any CPU = Release|Any CPU
	EndGlobalSection
	GlobalSection(ProjectConfigurationPlatforms) = postSolution
		{8EB479B6-23F8-40DF-94D7-75B0345DDF6E}.Debug|Any CPU.ActiveCfg = Debug|Any CPU
		{8EB479B6-23F8-40DF-94D7-75B0345DDF6E}.Debug|Any CPU.Build.0 = Debug|Any CPU
		{8EB479B6-23F8-40DF-94D7-75B0345DDF6E}.Release|Any CPU.ActiveCfg = Release|Any CPU
		{8EB479B6-23F8-40DF-94D7-75B0345DDF6E}.Release|Any CPU.Build.0 = Release|Any CPU
	EndGlobalSection
	GlobalSection(SolutionProperties) = preSolution
		HideSolutionNode = FALSE
	EndGlobalSection
	GlobalSection(ExtensibilityGlobals) = postSolution
		SolutionGuid = {150CD4C7-C556-4E98-B1A5-D0AD1E24D99A}
	EndGlobalSection
EndGlobal
